// !$*UTF8*$!
{
	archiveVersion = 1;
	classes = {
	};
	objectVersion = 56;
	objects = {

/* Begin PBXBuildFile section */
		080FE0D82A8E4D1400F2CBDA /* HomeViewController.swift in Sources */ = {isa = PBXBuildFile; fileRef = F8E7A6812A8D11BC002C686D /* HomeViewController.swift */; };
		080FE0D92A8E4D1D00F2CBDA /* HomeCollectionViewCell.swift in Sources */ = {isa = PBXBuildFile; fileRef = F8AA73E52A8E3C5600AEC8E8 /* HomeCollectionViewCell.swift */; };
		085866DA2A9F890200A8A162 /* Create-Community.storyboard in Resources */ = {isa = PBXBuildFile; fileRef = 085866D92A9F890200A8A162 /* Create-Community.storyboard */; };
		086643B12AA0B7B4004EA509 /* CreateCommunityViewController.swift in Sources */ = {isa = PBXBuildFile; fileRef = 086643B02AA0B7B4004EA509 /* CreateCommunityViewController.swift */; };
		08C0EDEF2A9F593B00DCCA7B /* Edit-Community.storyboard in Resources */ = {isa = PBXBuildFile; fileRef = 08C0EDEE2A9F593B00DCCA7B /* Edit-Community.storyboard */; };
		08C0EDF32A9F5E5300DCCA7B /* EditCommunityViewController.swift in Sources */ = {isa = PBXBuildFile; fileRef = 08C0EDF22A9F5E5300DCCA7B /* EditCommunityViewController.swift */; };
		6144C40C2A8CED4100D562FC /* AppDelegate.swift in Sources */ = {isa = PBXBuildFile; fileRef = 6144C40B2A8CED4100D562FC /* AppDelegate.swift */; };
		6144C40E2A8CED4100D562FC /* SceneDelegate.swift in Sources */ = {isa = PBXBuildFile; fileRef = 6144C40D2A8CED4100D562FC /* SceneDelegate.swift */; };
		6144C4152A8CED4100D562FC /* Assets.xcassets in Resources */ = {isa = PBXBuildFile; fileRef = 6144C4142A8CED4100D562FC /* Assets.xcassets */; };
		6144C42F2A8D2CCC00D562FC /* CommunityDescriptionController.swift in Sources */ = {isa = PBXBuildFile; fileRef = 6144C42E2A8D2CCC00D562FC /* CommunityDescriptionController.swift */; };
		6144C4372A8E52F300D562FC /* Comunidade.swift in Sources */ = {isa = PBXBuildFile; fileRef = 6144C4362A8E52F300D562FC /* Comunidade.swift */; };
		6173C6422A98D05B00A45C4D /* ProfileViewController.swift in Sources */ = {isa = PBXBuildFile; fileRef = 6173C6412A98D05B00A45C4D /* ProfileViewController.swift */; };
		B67C40342A8E3CEF00820A86 /* API.swift in Sources */ = {isa = PBXBuildFile; fileRef = B67C40332A8E3CEF00820A86 /* API.swift */; };
		B67C40362A8E4D2D00820A86 /* Localization.swift in Sources */ = {isa = PBXBuildFile; fileRef = B67C40352A8E4D2D00820A86 /* Localization.swift */; };
		F80FDA6D2A94EC4100248123 /* CloudKit.swift in Sources */ = {isa = PBXBuildFile; fileRef = F80FDA6C2A94EC4100248123 /* CloudKit.swift */; };
		F80FDA6F2A94ECB700248123 /* CloudKitSchema.swift in Sources */ = {isa = PBXBuildFile; fileRef = F80FDA6E2A94ECB700248123 /* CloudKitSchema.swift */; };
		F821758D2A9F75DE00157B5F /* EventosViewController.swift in Sources */ = {isa = PBXBuildFile; fileRef = F821758C2A9F75DE00157B5F /* EventosViewController.swift */; };
		F821758F2A9F867B00157B5F /* CardEventoView.swift in Sources */ = {isa = PBXBuildFile; fileRef = F821758E2A9F867B00157B5F /* CardEventoView.swift */; };
		F8AA73E92A8E3C5600AEC8E8 /* HomeCollectionViewCell.swift in Sources */ = {isa = PBXBuildFile; fileRef = F8AA73E52A8E3C5600AEC8E8 /* HomeCollectionViewCell.swift */; };
		F8AA73EA2A8E3C5600AEC8E8 /* HomeCollectionViewCell.xib in Resources */ = {isa = PBXBuildFile; fileRef = F8AA73E62A8E3C5600AEC8E8 /* HomeCollectionViewCell.xib */; };
		F8AA73EB2A8E3C5600AEC8E8 /* Comunity-Details.storyboard in Resources */ = {isa = PBXBuildFile; fileRef = F8AA73E72A8E3C5600AEC8E8 /* Comunity-Details.storyboard */; };
		F8B7CA712A8F947B002F2C74 /* Colors.swift in Sources */ = {isa = PBXBuildFile; fileRef = F8B7CA702A8F947B002F2C74 /* Colors.swift */; };
		F8DC1C312AA0C41000822DD2 /* EventoModalViewController.swift in Sources */ = {isa = PBXBuildFile; fileRef = F8DC1C302AA0C41000822DD2 /* EventoModalViewController.swift */; };
		F8E7A67B2A8CF135002C686D /* ScaffoldViewController.swift in Sources */ = {isa = PBXBuildFile; fileRef = F8E7A67A2A8CF135002C686D /* ScaffoldViewController.swift */; };
		F8E7A67E2A8D074C002C686D /* UIViewControllerUtil.swift in Sources */ = {isa = PBXBuildFile; fileRef = F8E7A67D2A8D074C002C686D /* UIViewControllerUtil.swift */; };
		F8E8FA732A9CD4CD00A0C177 /* FetchCommunityDelegate.swift in Sources */ = {isa = PBXBuildFile; fileRef = F8E8FA722A9CD4CD00A0C177 /* FetchCommunityDelegate.swift */; };
		F8E8FA772A9E2F9F00A0C177 /* NoCommunityFoundView.swift in Sources */ = {isa = PBXBuildFile; fileRef = F8E8FA762A9E2F9F00A0C177 /* NoCommunityFoundView.swift */; };
/* End PBXBuildFile section */

/* Begin PBXFileReference section */
		085866D92A9F890200A8A162 /* Create-Community.storyboard */ = {isa = PBXFileReference; lastKnownFileType = file.storyboard; path = "Create-Community.storyboard"; sourceTree = "<group>"; };
		086643B02AA0B7B4004EA509 /* CreateCommunityViewController.swift */ = {isa = PBXFileReference; lastKnownFileType = sourcecode.swift; path = CreateCommunityViewController.swift; sourceTree = "<group>"; };
		08C0EDEE2A9F593B00DCCA7B /* Edit-Community.storyboard */ = {isa = PBXFileReference; lastKnownFileType = file.storyboard; path = "Edit-Community.storyboard"; sourceTree = "<group>"; };
		08C0EDF22A9F5E5300DCCA7B /* EditCommunityViewController.swift */ = {isa = PBXFileReference; lastKnownFileType = sourcecode.swift; path = EditCommunityViewController.swift; sourceTree = "<group>"; };
		6144C4082A8CED4100D562FC /* Community.app */ = {isa = PBXFileReference; explicitFileType = wrapper.application; includeInIndex = 0; path = Community.app; sourceTree = BUILT_PRODUCTS_DIR; };
		6144C40B2A8CED4100D562FC /* AppDelegate.swift */ = {isa = PBXFileReference; lastKnownFileType = sourcecode.swift; path = AppDelegate.swift; sourceTree = "<group>"; };
		6144C40D2A8CED4100D562FC /* SceneDelegate.swift */ = {isa = PBXFileReference; lastKnownFileType = sourcecode.swift; path = SceneDelegate.swift; sourceTree = "<group>"; };
		6144C4142A8CED4100D562FC /* Assets.xcassets */ = {isa = PBXFileReference; lastKnownFileType = folder.assetcatalog; path = Assets.xcassets; sourceTree = "<group>"; };
		6144C4192A8CED4100D562FC /* Info.plist */ = {isa = PBXFileReference; lastKnownFileType = text.plist.xml; path = Info.plist; sourceTree = "<group>"; };
		6144C42E2A8D2CCC00D562FC /* CommunityDescriptionController.swift */ = {isa = PBXFileReference; lastKnownFileType = sourcecode.swift; path = CommunityDescriptionController.swift; sourceTree = "<group>"; };
		6144C4362A8E52F300D562FC /* Comunidade.swift */ = {isa = PBXFileReference; lastKnownFileType = sourcecode.swift; path = Comunidade.swift; sourceTree = "<group>"; };
		6173C6412A98D05B00A45C4D /* ProfileViewController.swift */ = {isa = PBXFileReference; lastKnownFileType = sourcecode.swift; path = ProfileViewController.swift; sourceTree = "<group>"; };
		B67C40332A8E3CEF00820A86 /* API.swift */ = {isa = PBXFileReference; lastKnownFileType = sourcecode.swift; path = API.swift; sourceTree = "<group>"; };
		B67C40352A8E4D2D00820A86 /* Localization.swift */ = {isa = PBXFileReference; lastKnownFileType = sourcecode.swift; path = Localization.swift; sourceTree = "<group>"; };
		F80FDA6C2A94EC4100248123 /* CloudKit.swift */ = {isa = PBXFileReference; lastKnownFileType = sourcecode.swift; path = CloudKit.swift; sourceTree = "<group>"; };
		F80FDA6E2A94ECB700248123 /* CloudKitSchema.swift */ = {isa = PBXFileReference; lastKnownFileType = sourcecode.swift; path = CloudKitSchema.swift; sourceTree = "<group>"; };
		F821758C2A9F75DE00157B5F /* EventosViewController.swift */ = {isa = PBXFileReference; lastKnownFileType = sourcecode.swift; path = EventosViewController.swift; sourceTree = "<group>"; };
		F821758E2A9F867B00157B5F /* CardEventoView.swift */ = {isa = PBXFileReference; lastKnownFileType = sourcecode.swift; path = CardEventoView.swift; sourceTree = "<group>"; };
		F86F5C9A2A938E52008B7940 /* Community.entitlements */ = {isa = PBXFileReference; lastKnownFileType = text.plist.entitlements; path = Community.entitlements; sourceTree = "<group>"; };
		F8AA73E52A8E3C5600AEC8E8 /* HomeCollectionViewCell.swift */ = {isa = PBXFileReference; fileEncoding = 4; lastKnownFileType = sourcecode.swift; path = HomeCollectionViewCell.swift; sourceTree = "<group>"; };
		F8AA73E62A8E3C5600AEC8E8 /* HomeCollectionViewCell.xib */ = {isa = PBXFileReference; fileEncoding = 4; lastKnownFileType = file.xib; path = HomeCollectionViewCell.xib; sourceTree = "<group>"; };
		F8AA73E82A8E3C5600AEC8E8 /* Base */ = {isa = PBXFileReference; lastKnownFileType = file.storyboard; name = Base; path = "Base.lproj/Comunity-Details.storyboard"; sourceTree = "<group>"; };
		F8B7CA702A8F947B002F2C74 /* Colors.swift */ = {isa = PBXFileReference; lastKnownFileType = sourcecode.swift; path = Colors.swift; sourceTree = "<group>"; };
		F8DC1C302AA0C41000822DD2 /* EventoModalViewController.swift */ = {isa = PBXFileReference; lastKnownFileType = sourcecode.swift; path = EventoModalViewController.swift; sourceTree = "<group>"; };
		F8E7A67A2A8CF135002C686D /* ScaffoldViewController.swift */ = {isa = PBXFileReference; lastKnownFileType = sourcecode.swift; path = ScaffoldViewController.swift; sourceTree = "<group>"; };
		F8E7A67D2A8D074C002C686D /* UIViewControllerUtil.swift */ = {isa = PBXFileReference; lastKnownFileType = sourcecode.swift; path = UIViewControllerUtil.swift; sourceTree = "<group>"; };
		F8E7A6812A8D11BC002C686D /* HomeViewController.swift */ = {isa = PBXFileReference; lastKnownFileType = sourcecode.swift; path = HomeViewController.swift; sourceTree = "<group>"; };
		F8E8FA722A9CD4CD00A0C177 /* FetchCommunityDelegate.swift */ = {isa = PBXFileReference; lastKnownFileType = sourcecode.swift; path = FetchCommunityDelegate.swift; sourceTree = "<group>"; };
		F8E8FA762A9E2F9F00A0C177 /* NoCommunityFoundView.swift */ = {isa = PBXFileReference; lastKnownFileType = sourcecode.swift; path = NoCommunityFoundView.swift; sourceTree = "<group>"; };
/* End PBXFileReference section */

/* Begin PBXFrameworksBuildPhase section */
		6144C4052A8CED4100D562FC /* Frameworks */ = {
			isa = PBXFrameworksBuildPhase;
			buildActionMask = 2147483647;
			files = (
			);
			runOnlyForDeploymentPostprocessing = 0;
		};
/* End PBXFrameworksBuildPhase section */

/* Begin PBXGroup section */
		0804CEC92A938C1C003CBA96 /* Create Community */ = {
			isa = PBXGroup;
			children = (
				086643B02AA0B7B4004EA509 /* CreateCommunityViewController.swift */,
			);
			path = "Create Community";
			sourceTree = "<group>";
		};
		08C0EDF42A9F5E5800DCCA7B /* Edit Community */ = {
			isa = PBXGroup;
			children = (
				08C0EDF22A9F5E5300DCCA7B /* EditCommunityViewController.swift */,
			);
			path = "Edit Community";
			sourceTree = "<group>";
		};
		6144C3FF2A8CED4000D562FC = {
			isa = PBXGroup;
			children = (
				6144C40A2A8CED4100D562FC /* Community */,
				F8AA73E32A8E3C5600AEC8E8 /* View */,
				6144C4092A8CED4100D562FC /* Products */,
			);
			sourceTree = "<group>";
		};
		6144C4092A8CED4100D562FC /* Products */ = {
			isa = PBXGroup;
			children = (
				6144C4082A8CED4100D562FC /* Community.app */,
			);
			name = Products;
			sourceTree = "<group>";
		};
		6144C40A2A8CED4100D562FC /* Community */ = {
			isa = PBXGroup;
			children = (
				6173C6402A98C38A00A45C4D /* Profile */,
				F821758B2A9F756C00157B5F /* Eventos */,
				F86F5C9A2A938E52008B7940 /* Community.entitlements */,
				F8E8FA712A9CD4A800A0C177 /* Delegates */,
				6144C4352A8E52C700D562FC /* Model */,
				F8E7A6802A8D11AA002C686D /* Home */,
				0804CEC92A938C1C003CBA96 /* Create Community */,
				08C0EDF42A9F5E5800DCCA7B /* Edit Community */,
				F8E7A6792A8CF10E002C686D /* Scaffold */,
				B67C40322A8E3CDF00820A86 /* Data */,
				6144C40B2A8CED4100D562FC /* AppDelegate.swift */,
				6144C40D2A8CED4100D562FC /* SceneDelegate.swift */,
				6144C4142A8CED4100D562FC /* Assets.xcassets */,
				6144C4192A8CED4100D562FC /* Info.plist */,
				6144C42D2A8D2C6A00D562FC /* Controllers */,
				F8E7A67F2A8D0B35002C686D /* Files */,
			);
			path = Community;
			sourceTree = "<group>";
		};
		6144C42D2A8D2C6A00D562FC /* Controllers */ = {
			isa = PBXGroup;
			children = (
				6144C42E2A8D2CCC00D562FC /* CommunityDescriptionController.swift */,
			);
			path = Controllers;
			sourceTree = "<group>";
		};
		6144C4352A8E52C700D562FC /* Model */ = {
			isa = PBXGroup;
			children = (
				6144C4362A8E52F300D562FC /* Comunidade.swift */,
				F80FDA6E2A94ECB700248123 /* CloudKitSchema.swift */,
				F80FDA6C2A94EC4100248123 /* CloudKit.swift */,
			);
			path = Model;
			sourceTree = "<group>";
		};
		6173C6402A98C38A00A45C4D /* Profile */ = {
			isa = PBXGroup;
			children = (
				6173C6412A98D05B00A45C4D /* ProfileViewController.swift */,
			);
			path = Profile;
			sourceTree = "<group>";
		};
		B67C40322A8E3CDF00820A86 /* Data */ = {
			isa = PBXGroup;
			children = (
				B67C40332A8E3CEF00820A86 /* API.swift */,
				B67C40352A8E4D2D00820A86 /* Localization.swift */,
			);
			path = Data;
			sourceTree = "<group>";
		};
		F821758B2A9F756C00157B5F /* Eventos */ = {
			isa = PBXGroup;
			children = (
				F82175902A9F868F00157B5F /* Components */,
				F821758C2A9F75DE00157B5F /* EventosViewController.swift */,
				F8DC1C302AA0C41000822DD2 /* EventoModalViewController.swift */,
			);
			path = Eventos;
			sourceTree = "<group>";
		};
		F82175902A9F868F00157B5F /* Components */ = {
			isa = PBXGroup;
			children = (
				F821758E2A9F867B00157B5F /* CardEventoView.swift */,
			);
			path = Components;
			sourceTree = "<group>";
		};
		F8AA73E32A8E3C5600AEC8E8 /* View */ = {
			isa = PBXGroup;
			children = (
				F8AA73E42A8E3C5600AEC8E8 /* HomeCollectionViewCell */,
				F8AA73E72A8E3C5600AEC8E8 /* Comunity-Details.storyboard */,
				08C0EDEE2A9F593B00DCCA7B /* Edit-Community.storyboard */,
				085866D92A9F890200A8A162 /* Create-Community.storyboard */,
			);
			path = View;
			sourceTree = SOURCE_ROOT;
		};
		F8AA73E42A8E3C5600AEC8E8 /* HomeCollectionViewCell */ = {
			isa = PBXGroup;
			children = (
				F8AA73E52A8E3C5600AEC8E8 /* HomeCollectionViewCell.swift */,
				F8AA73E62A8E3C5600AEC8E8 /* HomeCollectionViewCell.xib */,
			);
			path = HomeCollectionViewCell;
			sourceTree = "<group>";
		};
		F8E7A6792A8CF10E002C686D /* Scaffold */ = {
			isa = PBXGroup;
			children = (
				F8E7A67A2A8CF135002C686D /* ScaffoldViewController.swift */,
			);
			path = Scaffold;
			sourceTree = "<group>";
		};
		F8E7A67C2A8D0738002C686D /* Utils */ = {
			isa = PBXGroup;
			children = (
				F8E7A67D2A8D074C002C686D /* UIViewControllerUtil.swift */,
				F8B7CA702A8F947B002F2C74 /* Colors.swift */,
			);
			path = Utils;
			sourceTree = "<group>";
		};
		F8E7A67F2A8D0B35002C686D /* Files */ = {
			isa = PBXGroup;
			children = (
				F8E7A67C2A8D0738002C686D /* Utils */,
			);
			name = Files;
			sourceTree = "<group>";
		};
		F8E7A6802A8D11AA002C686D /* Home */ = {
			isa = PBXGroup;
			children = (
				F8E8FA752A9E2F8500A0C177 /* Components */,
				F8E7A6812A8D11BC002C686D /* HomeViewController.swift */,
			);
			path = Home;
			sourceTree = "<group>";
		};
		F8E8FA712A9CD4A800A0C177 /* Delegates */ = {
			isa = PBXGroup;
			children = (
				F8E8FA722A9CD4CD00A0C177 /* FetchCommunityDelegate.swift */,
			);
			path = Delegates;
			sourceTree = "<group>";
		};
		F8E8FA752A9E2F8500A0C177 /* Components */ = {
			isa = PBXGroup;
			children = (
				F8E8FA762A9E2F9F00A0C177 /* NoCommunityFoundView.swift */,
			);
			path = Components;
			sourceTree = "<group>";
		};
/* End PBXGroup section */

/* Begin PBXNativeTarget section */
		6144C4072A8CED4100D562FC /* Community */ = {
			isa = PBXNativeTarget;
			buildConfigurationList = 6144C41C2A8CED4100D562FC /* Build configuration list for PBXNativeTarget "Community" */;
			buildPhases = (
				6144C4042A8CED4100D562FC /* Sources */,
				6144C4052A8CED4100D562FC /* Frameworks */,
				6144C4062A8CED4100D562FC /* Resources */,
			);
			buildRules = (
			);
			dependencies = (
			);
			name = Community;
			productName = Community;
			productReference = 6144C4082A8CED4100D562FC /* Community.app */;
			productType = "com.apple.product-type.application";
		};
/* End PBXNativeTarget section */

/* Begin PBXProject section */
		6144C4002A8CED4000D562FC /* Project object */ = {
			isa = PBXProject;
			attributes = {
				BuildIndependentTargetsInParallel = 1;
				LastSwiftUpdateCheck = 1430;
				LastUpgradeCheck = 1430;
				TargetAttributes = {
					6144C4072A8CED4100D562FC = {
						CreatedOnToolsVersion = 14.3.1;
					};
				};
			};
			buildConfigurationList = 6144C4032A8CED4000D562FC /* Build configuration list for PBXProject "Community" */;
			compatibilityVersion = "Xcode 14.0";
			developmentRegion = en;
			hasScannedForEncodings = 0;
			knownRegions = (
				en,
				Base,
			);
			mainGroup = 6144C3FF2A8CED4000D562FC;
			productRefGroup = 6144C4092A8CED4100D562FC /* Products */;
			projectDirPath = "";
			projectRoot = "";
			targets = (
				6144C4072A8CED4100D562FC /* Community */,
			);
		};
/* End PBXProject section */

/* Begin PBXResourcesBuildPhase section */
		6144C4062A8CED4100D562FC /* Resources */ = {
			isa = PBXResourcesBuildPhase;
			buildActionMask = 2147483647;
			files = (
				08C0EDEF2A9F593B00DCCA7B /* Edit-Community.storyboard in Resources */,
				F8AA73EB2A8E3C5600AEC8E8 /* Comunity-Details.storyboard in Resources */,
				085866DA2A9F890200A8A162 /* Create-Community.storyboard in Resources */,
				6144C4152A8CED4100D562FC /* Assets.xcassets in Resources */,
				F8AA73EA2A8E3C5600AEC8E8 /* HomeCollectionViewCell.xib in Resources */,
			);
			runOnlyForDeploymentPostprocessing = 0;
		};
/* End PBXResourcesBuildPhase section */

/* Begin PBXSourcesBuildPhase section */
		6144C4042A8CED4100D562FC /* Sources */ = {
			isa = PBXSourcesBuildPhase;
			buildActionMask = 2147483647;
			files = (
				6144C42F2A8D2CCC00D562FC /* CommunityDescriptionController.swift in Sources */,
				F821758D2A9F75DE00157B5F /* EventosViewController.swift in Sources */,
				F8E8FA732A9CD4CD00A0C177 /* FetchCommunityDelegate.swift in Sources */,
				086643B12AA0B7B4004EA509 /* CreateCommunityViewController.swift in Sources */,
				F8B7CA712A8F947B002F2C74 /* Colors.swift in Sources */,
				F8E8FA772A9E2F9F00A0C177 /* NoCommunityFoundView.swift in Sources */,
				08C0EDF32A9F5E5300DCCA7B /* EditCommunityViewController.swift in Sources */,
				F8E7A67B2A8CF135002C686D /* ScaffoldViewController.swift in Sources */,
				F80FDA6F2A94ECB700248123 /* CloudKitSchema.swift in Sources */,
				F8DC1C312AA0C41000822DD2 /* EventoModalViewController.swift in Sources */,
				6144C40C2A8CED4100D562FC /* AppDelegate.swift in Sources */,
				F80FDA6D2A94EC4100248123 /* CloudKit.swift in Sources */,
				6144C40E2A8CED4100D562FC /* SceneDelegate.swift in Sources */,
				6144C4372A8E52F300D562FC /* Comunidade.swift in Sources */,
				F8E7A67E2A8D074C002C686D /* UIViewControllerUtil.swift in Sources */,
				6173C6422A98D05B00A45C4D /* ProfileViewController.swift in Sources */,
				F8AA73E92A8E3C5600AEC8E8 /* HomeCollectionViewCell.swift in Sources */,
				080FE0D82A8E4D1400F2CBDA /* HomeViewController.swift in Sources */,
				B67C40362A8E4D2D00820A86 /* Localization.swift in Sources */,
				B67C40342A8E3CEF00820A86 /* API.swift in Sources */,
				080FE0D92A8E4D1D00F2CBDA /* HomeCollectionViewCell.swift in Sources */,
				F821758F2A9F867B00157B5F /* CardEventoView.swift in Sources */,
			);
			runOnlyForDeploymentPostprocessing = 0;
		};
/* End PBXSourcesBuildPhase section */

/* Begin PBXVariantGroup section */
		F8AA73E72A8E3C5600AEC8E8 /* Comunity-Details.storyboard */ = {
			isa = PBXVariantGroup;
			children = (
				F8AA73E82A8E3C5600AEC8E8 /* Base */,
			);
			name = "Comunity-Details.storyboard";
			sourceTree = "<group>";
		};
/* End PBXVariantGroup section */

/* Begin XCBuildConfiguration section */
		6144C41A2A8CED4100D562FC /* Debug */ = {
			isa = XCBuildConfiguration;
			buildSettings = {
				ALWAYS_SEARCH_USER_PATHS = NO;
				CLANG_ANALYZER_NONNULL = YES;
				CLANG_ANALYZER_NUMBER_OBJECT_CONVERSION = YES_AGGRESSIVE;
				CLANG_CXX_LANGUAGE_STANDARD = "gnu++20";
				CLANG_ENABLE_MODULES = YES;
				CLANG_ENABLE_OBJC_ARC = YES;
				CLANG_ENABLE_OBJC_WEAK = YES;
				CLANG_WARN_BLOCK_CAPTURE_AUTORELEASING = YES;
				CLANG_WARN_BOOL_CONVERSION = YES;
				CLANG_WARN_COMMA = YES;
				CLANG_WARN_CONSTANT_CONVERSION = YES;
				CLANG_WARN_DEPRECATED_OBJC_IMPLEMENTATIONS = YES;
				CLANG_WARN_DIRECT_OBJC_ISA_USAGE = YES_ERROR;
				CLANG_WARN_DOCUMENTATION_COMMENTS = YES;
				CLANG_WARN_EMPTY_BODY = YES;
				CLANG_WARN_ENUM_CONVERSION = YES;
				CLANG_WARN_INFINITE_RECURSION = YES;
				CLANG_WARN_INT_CONVERSION = YES;
				CLANG_WARN_NON_LITERAL_NULL_CONVERSION = YES;
				CLANG_WARN_OBJC_IMPLICIT_RETAIN_SELF = YES;
				CLANG_WARN_OBJC_LITERAL_CONVERSION = YES;
				CLANG_WARN_OBJC_ROOT_CLASS = YES_ERROR;
				CLANG_WARN_QUOTED_INCLUDE_IN_FRAMEWORK_HEADER = YES;
				CLANG_WARN_RANGE_LOOP_ANALYSIS = YES;
				CLANG_WARN_STRICT_PROTOTYPES = YES;
				CLANG_WARN_SUSPICIOUS_MOVE = YES;
				CLANG_WARN_UNGUARDED_AVAILABILITY = YES_AGGRESSIVE;
				CLANG_WARN_UNREACHABLE_CODE = YES;
				CLANG_WARN__DUPLICATE_METHOD_MATCH = YES;
				COPY_PHASE_STRIP = NO;
				DEBUG_INFORMATION_FORMAT = dwarf;
				ENABLE_STRICT_OBJC_MSGSEND = YES;
				ENABLE_TESTABILITY = YES;
				GCC_C_LANGUAGE_STANDARD = gnu11;
				GCC_DYNAMIC_NO_PIC = NO;
				GCC_NO_COMMON_BLOCKS = YES;
				GCC_OPTIMIZATION_LEVEL = 0;
				GCC_PREPROCESSOR_DEFINITIONS = (
					"DEBUG=1",
					"$(inherited)",
				);
				GCC_WARN_64_TO_32_BIT_CONVERSION = YES;
				GCC_WARN_ABOUT_RETURN_TYPE = YES_ERROR;
				GCC_WARN_UNDECLARED_SELECTOR = YES;
				GCC_WARN_UNINITIALIZED_AUTOS = YES_AGGRESSIVE;
				GCC_WARN_UNUSED_FUNCTION = YES;
				GCC_WARN_UNUSED_VARIABLE = YES;
				IPHONEOS_DEPLOYMENT_TARGET = 16.1;
				MTL_ENABLE_DEBUG_INFO = INCLUDE_SOURCE;
				MTL_FAST_MATH = YES;
				ONLY_ACTIVE_ARCH = YES;
				SDKROOT = iphoneos;
				SWIFT_ACTIVE_COMPILATION_CONDITIONS = DEBUG;
				SWIFT_OPTIMIZATION_LEVEL = "-Onone";
			};
			name = Debug;
		};
		6144C41B2A8CED4100D562FC /* Release */ = {
			isa = XCBuildConfiguration;
			buildSettings = {
				ALWAYS_SEARCH_USER_PATHS = NO;
				CLANG_ANALYZER_NONNULL = YES;
				CLANG_ANALYZER_NUMBER_OBJECT_CONVERSION = YES_AGGRESSIVE;
				CLANG_CXX_LANGUAGE_STANDARD = "gnu++20";
				CLANG_ENABLE_MODULES = YES;
				CLANG_ENABLE_OBJC_ARC = YES;
				CLANG_ENABLE_OBJC_WEAK = YES;
				CLANG_WARN_BLOCK_CAPTURE_AUTORELEASING = YES;
				CLANG_WARN_BOOL_CONVERSION = YES;
				CLANG_WARN_COMMA = YES;
				CLANG_WARN_CONSTANT_CONVERSION = YES;
				CLANG_WARN_DEPRECATED_OBJC_IMPLEMENTATIONS = YES;
				CLANG_WARN_DIRECT_OBJC_ISA_USAGE = YES_ERROR;
				CLANG_WARN_DOCUMENTATION_COMMENTS = YES;
				CLANG_WARN_EMPTY_BODY = YES;
				CLANG_WARN_ENUM_CONVERSION = YES;
				CLANG_WARN_INFINITE_RECURSION = YES;
				CLANG_WARN_INT_CONVERSION = YES;
				CLANG_WARN_NON_LITERAL_NULL_CONVERSION = YES;
				CLANG_WARN_OBJC_IMPLICIT_RETAIN_SELF = YES;
				CLANG_WARN_OBJC_LITERAL_CONVERSION = YES;
				CLANG_WARN_OBJC_ROOT_CLASS = YES_ERROR;
				CLANG_WARN_QUOTED_INCLUDE_IN_FRAMEWORK_HEADER = YES;
				CLANG_WARN_RANGE_LOOP_ANALYSIS = YES;
				CLANG_WARN_STRICT_PROTOTYPES = YES;
				CLANG_WARN_SUSPICIOUS_MOVE = YES;
				CLANG_WARN_UNGUARDED_AVAILABILITY = YES_AGGRESSIVE;
				CLANG_WARN_UNREACHABLE_CODE = YES;
				CLANG_WARN__DUPLICATE_METHOD_MATCH = YES;
				COPY_PHASE_STRIP = NO;
				DEBUG_INFORMATION_FORMAT = "dwarf-with-dsym";
				ENABLE_NS_ASSERTIONS = NO;
				ENABLE_STRICT_OBJC_MSGSEND = YES;
				GCC_C_LANGUAGE_STANDARD = gnu11;
				GCC_NO_COMMON_BLOCKS = YES;
				GCC_WARN_64_TO_32_BIT_CONVERSION = YES;
				GCC_WARN_ABOUT_RETURN_TYPE = YES_ERROR;
				GCC_WARN_UNDECLARED_SELECTOR = YES;
				GCC_WARN_UNINITIALIZED_AUTOS = YES_AGGRESSIVE;
				GCC_WARN_UNUSED_FUNCTION = YES;
				GCC_WARN_UNUSED_VARIABLE = YES;
				IPHONEOS_DEPLOYMENT_TARGET = 16.1;
				MTL_ENABLE_DEBUG_INFO = NO;
				MTL_FAST_MATH = YES;
				SDKROOT = iphoneos;
				SWIFT_COMPILATION_MODE = wholemodule;
				SWIFT_OPTIMIZATION_LEVEL = "-O";
				VALIDATE_PRODUCT = YES;
			};
			name = Release;
		};
		6144C41D2A8CED4100D562FC /* Debug */ = {
			isa = XCBuildConfiguration;
			buildSettings = {
				ASSETCATALOG_COMPILER_APPICON_NAME = AppIcon;
				ASSETCATALOG_COMPILER_GLOBAL_ACCENT_COLOR_NAME = AccentColor;
				CODE_SIGN_ENTITLEMENTS = Community/Community.entitlements;
				CODE_SIGN_STYLE = Automatic;
				CURRENT_PROJECT_VERSION = 4;
				DEVELOPMENT_TEAM = A7BY7494NB;
				GENERATE_INFOPLIST_FILE = YES;
				INFOPLIST_FILE = Community/Info.plist;
				INFOPLIST_KEY_NSLocationAlwaysAndWhenInUseUsageDescription = Description;
				INFOPLIST_KEY_NSLocationAlwaysUsageDescription = test2;
				INFOPLIST_KEY_NSLocationWhenInUseUsageDescription = "O app precisa da sua localização para mostrar as Comunidades e Eventos próximos de você.";
				INFOPLIST_KEY_NSPhotoLibraryUsageDescription = "Please, allow access to your library!";
				INFOPLIST_KEY_UIApplicationSupportsIndirectInputEvents = YES;
				INFOPLIST_KEY_UILaunchStoryboardName = LaunchScreen;
				INFOPLIST_KEY_UISupportedInterfaceOrientations = UIInterfaceOrientationPortrait;
				INFOPLIST_KEY_UISupportedInterfaceOrientations_iPad = "UIInterfaceOrientationLandscapeLeft UIInterfaceOrientationLandscapeRight UIInterfaceOrientationPortrait UIInterfaceOrientationPortraitUpsideDown";
				INFOPLIST_KEY_UIUserInterfaceStyle = Light;
				IPHONEOS_DEPLOYMENT_TARGET = 16.0;
				LD_RUNPATH_SEARCH_PATHS = (
					"$(inherited)",
					"@executable_path/Frameworks",
				);
				MARKETING_VERSION = 0.1.0;
				PRODUCT_BUNDLE_IDENTIFIER = br.com.Community;
				PRODUCT_NAME = "$(TARGET_NAME)";
				SUPPORTED_PLATFORMS = "iphoneos iphonesimulator";
				SUPPORTS_MACCATALYST = NO;
				SUPPORTS_MAC_DESIGNED_FOR_IPHONE_IPAD = NO;
				SWIFT_EMIT_LOC_STRINGS = YES;
				SWIFT_VERSION = 5.0;
				TARGETED_DEVICE_FAMILY = 1;
			};
			name = Debug;
		};
		6144C41E2A8CED4100D562FC /* Release */ = {
			isa = XCBuildConfiguration;
			buildSettings = {
				ASSETCATALOG_COMPILER_APPICON_NAME = AppIcon;
				ASSETCATALOG_COMPILER_GLOBAL_ACCENT_COLOR_NAME = AccentColor;
				CODE_SIGN_ENTITLEMENTS = Community/Community.entitlements;
				CODE_SIGN_STYLE = Automatic;
				CURRENT_PROJECT_VERSION = 4;
				DEVELOPMENT_TEAM = A7BY7494NB;
				GENERATE_INFOPLIST_FILE = YES;
				INFOPLIST_FILE = Community/Info.plist;
				INFOPLIST_KEY_NSLocationAlwaysAndWhenInUseUsageDescription = Description;
				INFOPLIST_KEY_NSLocationAlwaysUsageDescription = test2;
				INFOPLIST_KEY_NSLocationWhenInUseUsageDescription = "O app precisa da sua localização para mostrar as Comunidades e Eventos próximos de você.";
				INFOPLIST_KEY_NSPhotoLibraryUsageDescription = "Please, allow access to your library!";
				INFOPLIST_KEY_UIApplicationSupportsIndirectInputEvents = YES;
				INFOPLIST_KEY_UILaunchStoryboardName = LaunchScreen;
				INFOPLIST_KEY_UISupportedInterfaceOrientations = UIInterfaceOrientationPortrait;
				INFOPLIST_KEY_UISupportedInterfaceOrientations_iPad = "UIInterfaceOrientationLandscapeLeft UIInterfaceOrientationLandscapeRight UIInterfaceOrientationPortrait UIInterfaceOrientationPortraitUpsideDown";
				INFOPLIST_KEY_UIUserInterfaceStyle = Light;
				IPHONEOS_DEPLOYMENT_TARGET = 16.0;
				LD_RUNPATH_SEARCH_PATHS = (
					"$(inherited)",
					"@executable_path/Frameworks",
				);
				MARKETING_VERSION = 0.1.0;
				PRODUCT_BUNDLE_IDENTIFIER = br.com.Community;
				PRODUCT_NAME = "$(TARGET_NAME)";
				SUPPORTED_PLATFORMS = "iphoneos iphonesimulator";
				SUPPORTS_MACCATALYST = NO;
				SUPPORTS_MAC_DESIGNED_FOR_IPHONE_IPAD = NO;
				SWIFT_EMIT_LOC_STRINGS = YES;
				SWIFT_VERSION = 5.0;
				TARGETED_DEVICE_FAMILY = 1;
			};
			name = Release;
		};
/* End XCBuildConfiguration section */

/* Begin XCConfigurationList section */
		6144C4032A8CED4000D562FC /* Build configuration list for PBXProject "Community" */ = {
			isa = XCConfigurationList;
			buildConfigurations = (
				6144C41A2A8CED4100D562FC /* Debug */,
				6144C41B2A8CED4100D562FC /* Release */,
			);
			defaultConfigurationIsVisible = 0;
			defaultConfigurationName = Release;
		};
		6144C41C2A8CED4100D562FC /* Build configuration list for PBXNativeTarget "Community" */ = {
			isa = XCConfigurationList;
			buildConfigurations = (
				6144C41D2A8CED4100D562FC /* Debug */,
				6144C41E2A8CED4100D562FC /* Release */,
			);
			defaultConfigurationIsVisible = 0;
			defaultConfigurationName = Release;
		};
/* End XCConfigurationList section */
	};
	rootObject = 6144C4002A8CED4000D562FC /* Project object */;
}
